<?xml version="1.0" encoding="utf-8"?>
<Project ToolsVersion="4.0" xmlns="http://schemas.microsoft.com/developer/msbuild/2003">
  <ItemGroup>
    <Filter Include="include">
      <UniqueIdentifier>{93995380-89BD-4b04-88EB-625FBE52EBFB}</UniqueIdentifier>
      <Extensions>h;hpp;hxx;hm;inl;inc;xsd</Extensions>
    </Filter>
    <Filter Include="source">
      <UniqueIdentifier>{4FC737F1-C7A5-4376-A066-2A32D752A2FF}</UniqueIdentifier>
      <Extensions>cpp;c;cc;cxx;def;odl;idl;hpj;bat;asm;asmx</Extensions>
    </Filter>
  </ItemGroup>
  <ItemGroup>
    <ClInclude Include="..\..\..\ucmdtests\ucmdtests.h">
      <Filter>include</Filter>
    </ClInclude>
  </ItemGroup>
  <ItemGroup>
    <ClCompile Include="..\..\..\ucmdtests\main.c">
      <Filter>source</Filter>
    </ClCompile>
    <ClCompile Include="..\..\..\ucmdtests\ucTestGroup.c">
      <Filter>source</Filter>
    </ClCompile>
    <ClCompile Include="..\..\..\ucmdtests\ucTestGroup_ucArgOpt.c">
      <Filter>source</Filter>
    </ClCompile>
    <ClCompile Include="..\..\..\ucmdtests\ucTestGroup_ucArgOptOwner.c">
      <Filter>source</Filter>
    </ClCompile>
    <ClCompile Include="..\..\..\ucmdtests\ucTestGroup_ucArgTok.c">
      <Filter>source</Filter>
    </ClCompile>
    <ClCompile Include="..\..\..\ucmdtests\ucTestGroup_ucArgTokOwner.c">
      <Filter>source</Filter>
    </ClCompile>
    <ClCompile Include="..\..\..\ucmdtests\ucTestGroup_ucBool.c">
      <Filter>source</Filter>
    </ClCompile>
    <ClCompile Include="..\..\..\ucmdtests\ucTestGroup_ucCmdLine.c">
      <Filter>source</Filter>
    </ClCompile>
    <ClCompile Include="..\..\..\ucmdtests\ucTestGroup_ucCmdLineApp.c">
      <Filter>source</Filter>
    </ClCompile>
    <ClCompile Include="..\..\..\ucmdtests\ucTestGroup_ucCmdLineOpt.c">
      <Filter>source</Filter>
    </ClCompile>
    <ClCompile Include="..\..\..\ucmdtests\ucTestGroup_ucCmdLineToks.c">
      <Filter>source</Filter>
    </ClCompile>
    <ClCompile Include="..\..\..\ucmdtests\ucTestGroup_ucCmdParser.c">
      <Filter>source</Filter>
    </ClCompile>
    <ClCompile Include="..\..\..\ucmdtests\ucTestGroup_ucCmdTok.c">
      <Filter>source</Filter>
    </ClCompile>
    <ClCompile Include="..\..\..\ucmdtests\ucTestGroup_ucOpt.c">
      <Filter>source</Filter>
    </ClCompile>
    <ClCompile Include="..\..\..\ucmdtests\ucTestGroup_ucSwitchOpt.c">
      <Filter>source</Filter>
    </ClCompile>
    <ClCompile Include="..\..\..\ucmdtests\ucTestGroup_ucSwitchTok.c">
      <Filter>source</Filter>
    </ClCompile>
    <ClCompile Include="..\..\..\ucmdtests\ucTestGroup_ucTok.c">
      <Filter>source</Filter>
    </ClCompile>
    <ClCompile Include="..\..\..\ucmdtests\ucTestRunner_ucmd.c">
      <Filter>source</Filter>
    </ClCompile>
    <ClCompile Include="..\..\..\ucmdtests\ucTestRunner.c">
      <Filter>source</Filter>
    </ClCompile>
  </ItemGroup>
</Project>