// !$*UTF8*$!
{
	archiveVersion = 1;
	classes = {
	};
	objectVersion = 46;
	objects = {

/* Begin PBXBuildFile section */
		BEF390C417D832E40043FCF5 /* cl_arg_opt_tests.c in Sources */ = {isa = PBXBuildFile; fileRef = BEF390B517D832E40043FCF5 /* cl_arg_opt_tests.c */; };
		BEF390C517D832E40043FCF5 /* cl_arg_tok_owner_tests.c in Sources */ = {isa = PBXBuildFile; fileRef = BEF390B617D832E40043FCF5 /* cl_arg_tok_owner_tests.c */; };
		BEF390C617D832E40043FCF5 /* cl_arg_tok_tests.c in Sources */ = {isa = PBXBuildFile; fileRef = BEF390B717D832E40043FCF5 /* cl_arg_tok_tests.c */; };
		BEF390C717D832E40043FCF5 /* cl_cmd_line_app_tests.c in Sources */ = {isa = PBXBuildFile; fileRef = BEF390B817D832E40043FCF5 /* cl_cmd_line_app_tests.c */; };
		BEF390C817D832E40043FCF5 /* cl_cmd_line_opt_tests.c in Sources */ = {isa = PBXBuildFile; fileRef = BEF390B917D832E40043FCF5 /* cl_cmd_line_opt_tests.c */; };
		BEF390C917D832E40043FCF5 /* cl_cmd_line_tests.c in Sources */ = {isa = PBXBuildFile; fileRef = BEF390BA17D832E40043FCF5 /* cl_cmd_line_tests.c */; };
		BEF390CA17D832E40043FCF5 /* cl_cmd_parser_tests.c in Sources */ = {isa = PBXBuildFile; fileRef = BEF390BB17D832E40043FCF5 /* cl_cmd_parser_tests.c */; };
		BEF390CB17D832E40043FCF5 /* cl_cmd_tok_tests.c in Sources */ = {isa = PBXBuildFile; fileRef = BEF390BC17D832E40043FCF5 /* cl_cmd_tok_tests.c */; };
		BEF390CC17D832E40043FCF5 /* cl_common_tests.c in Sources */ = {isa = PBXBuildFile; fileRef = BEF390BD17D832E40043FCF5 /* cl_common_tests.c */; };
		BEF390CD17D832E40043FCF5 /* cl_opt_tests.c in Sources */ = {isa = PBXBuildFile; fileRef = BEF390BE17D832E40043FCF5 /* cl_opt_tests.c */; };
		BEF390CE17D832E40043FCF5 /* cl_switch_opt_tests.c in Sources */ = {isa = PBXBuildFile; fileRef = BEF390BF17D832E40043FCF5 /* cl_switch_opt_tests.c */; };
		BEF390CF17D832E40043FCF5 /* cl_switch_tok_tests.c in Sources */ = {isa = PBXBuildFile; fileRef = BEF390C017D832E40043FCF5 /* cl_switch_tok_tests.c */; };
		BEF390D017D832E40043FCF5 /* cl_tests.c in Sources */ = {isa = PBXBuildFile; fileRef = BEF390C117D832E40043FCF5 /* cl_tests.c */; };
		BEF390D117D832E40043FCF5 /* cl_tok_tests.c in Sources */ = {isa = PBXBuildFile; fileRef = BEF390C217D832E40043FCF5 /* cl_tok_tests.c */; };
		BEF390D217D832E40043FCF5 /* main.c in Sources */ = {isa = PBXBuildFile; fileRef = BEF390C317D832E40043FCF5 /* main.c */; };
		BEF390D417D8362E0043FCF5 /* libcmd_line.dylib in Frameworks */ = {isa = PBXBuildFile; fileRef = BEF390D317D8362E0043FCF5 /* libcmd_line.dylib */; settings = {ATTRIBUTES = (Required, ); }; };
/* End PBXBuildFile section */

/* Begin PBXCopyFilesBuildPhase section */
		BEF3909517D832C40043FCF5 /* CopyFiles */ = {
			isa = PBXCopyFilesBuildPhase;
			buildActionMask = 2147483647;
			dstPath = /usr/share/man/man1/;
			dstSubfolderSpec = 0;
			files = (
			);
			runOnlyForDeploymentPostprocessing = 1;
		};
/* End PBXCopyFilesBuildPhase section */

/* Begin PBXFileReference section */
		BEF3909717D832C40043FCF5 /* cmd_line.tests */ = {isa = PBXFileReference; explicitFileType = "compiled.mach-o.executable"; includeInIndex = 0; path = cmd_line.tests; sourceTree = BUILT_PRODUCTS_DIR; };
		BEF390A417D832E40043FCF5 /* cl_arg_opt_tests.h */ = {isa = PBXFileReference; fileEncoding = 4; lastKnownFileType = sourcecode.c.h; path = cl_arg_opt_tests.h; sourceTree = "<group>"; };
		BEF390A517D832E40043FCF5 /* cl_arg_tok_owner_tests.h */ = {isa = PBXFileReference; fileEncoding = 4; lastKnownFileType = sourcecode.c.h; path = cl_arg_tok_owner_tests.h; sourceTree = "<group>"; };
		BEF390A617D832E40043FCF5 /* cl_arg_tok_tests.h */ = {isa = PBXFileReference; fileEncoding = 4; lastKnownFileType = sourcecode.c.h; path = cl_arg_tok_tests.h; sourceTree = "<group>"; };
		BEF390A717D832E40043FCF5 /* cl_cmd_line_app_tests.h */ = {isa = PBXFileReference; fileEncoding = 4; lastKnownFileType = sourcecode.c.h; path = cl_cmd_line_app_tests.h; sourceTree = "<group>"; };
		BEF390A817D832E40043FCF5 /* cl_cmd_line_opt_tests.h */ = {isa = PBXFileReference; fileEncoding = 4; lastKnownFileType = sourcecode.c.h; path = cl_cmd_line_opt_tests.h; sourceTree = "<group>"; };
		BEF390A917D832E40043FCF5 /* cl_cmd_line_tests.h */ = {isa = PBXFileReference; fileEncoding = 4; lastKnownFileType = sourcecode.c.h; path = cl_cmd_line_tests.h; sourceTree = "<group>"; };
		BEF390AA17D832E40043FCF5 /* cl_cmd_parser_tests.h */ = {isa = PBXFileReference; fileEncoding = 4; lastKnownFileType = sourcecode.c.h; path = cl_cmd_parser_tests.h; sourceTree = "<group>"; };
		BEF390AB17D832E40043FCF5 /* cl_cmd_tok_tests.h */ = {isa = PBXFileReference; fileEncoding = 4; lastKnownFileType = sourcecode.c.h; path = cl_cmd_tok_tests.h; sourceTree = "<group>"; };
		BEF390AC17D832E40043FCF5 /* cl_common_tests.h */ = {isa = PBXFileReference; fileEncoding = 4; lastKnownFileType = sourcecode.c.h; path = cl_common_tests.h; sourceTree = "<group>"; };
		BEF390AD17D832E40043FCF5 /* cl_opt_tests.h */ = {isa = PBXFileReference; fileEncoding = 4; lastKnownFileType = sourcecode.c.h; path = cl_opt_tests.h; sourceTree = "<group>"; };
		BEF390AE17D832E40043FCF5 /* cl_switch_opt_tests.h */ = {isa = PBXFileReference; fileEncoding = 4; lastKnownFileType = sourcecode.c.h; path = cl_switch_opt_tests.h; sourceTree = "<group>"; };
		BEF390AF17D832E40043FCF5 /* cl_switch_tok_tests.h */ = {isa = PBXFileReference; fileEncoding = 4; lastKnownFileType = sourcecode.c.h; path = cl_switch_tok_tests.h; sourceTree = "<group>"; };
		BEF390B017D832E40043FCF5 /* cl_tests.h */ = {isa = PBXFileReference; fileEncoding = 4; lastKnownFileType = sourcecode.c.h; path = cl_tests.h; sourceTree = "<group>"; };
		BEF390B117D832E40043FCF5 /* cl_tok_tests.h */ = {isa = PBXFileReference; fileEncoding = 4; lastKnownFileType = sourcecode.c.h; path = cl_tok_tests.h; sourceTree = "<group>"; };
		BEF390B317D832E40043FCF5 /* cl_tests_p.h */ = {isa = PBXFileReference; fileEncoding = 4; lastKnownFileType = sourcecode.c.h; path = cl_tests_p.h; sourceTree = "<group>"; };
		BEF390B517D832E40043FCF5 /* cl_arg_opt_tests.c */ = {isa = PBXFileReference; fileEncoding = 4; lastKnownFileType = sourcecode.c.c; path = cl_arg_opt_tests.c; sourceTree = "<group>"; };
		BEF390B617D832E40043FCF5 /* cl_arg_tok_owner_tests.c */ = {isa = PBXFileReference; fileEncoding = 4; lastKnownFileType = sourcecode.c.c; path = cl_arg_tok_owner_tests.c; sourceTree = "<group>"; };
		BEF390B717D832E40043FCF5 /* cl_arg_tok_tests.c */ = {isa = PBXFileReference; fileEncoding = 4; lastKnownFileType = sourcecode.c.c; path = cl_arg_tok_tests.c; sourceTree = "<group>"; };
		BEF390B817D832E40043FCF5 /* cl_cmd_line_app_tests.c */ = {isa = PBXFileReference; fileEncoding = 4; lastKnownFileType = sourcecode.c.c; path = cl_cmd_line_app_tests.c; sourceTree = "<group>"; };
		BEF390B917D832E40043FCF5 /* cl_cmd_line_opt_tests.c */ = {isa = PBXFileReference; fileEncoding = 4; lastKnownFileType = sourcecode.c.c; path = cl_cmd_line_opt_tests.c; sourceTree = "<group>"; };
		BEF390BA17D832E40043FCF5 /* cl_cmd_line_tests.c */ = {isa = PBXFileReference; fileEncoding = 4; lastKnownFileType = sourcecode.c.c; path = cl_cmd_line_tests.c; sourceTree = "<group>"; };
		BEF390BB17D832E40043FCF5 /* cl_cmd_parser_tests.c */ = {isa = PBXFileReference; fileEncoding = 4; lastKnownFileType = sourcecode.c.c; path = cl_cmd_parser_tests.c; sourceTree = "<group>"; };
		BEF390BC17D832E40043FCF5 /* cl_cmd_tok_tests.c */ = {isa = PBXFileReference; fileEncoding = 4; lastKnownFileType = sourcecode.c.c; path = cl_cmd_tok_tests.c; sourceTree = "<group>"; };
		BEF390BD17D832E40043FCF5 /* cl_common_tests.c */ = {isa = PBXFileReference; fileEncoding = 4; lastKnownFileType = sourcecode.c.c; path = cl_common_tests.c; sourceTree = "<group>"; };
		BEF390BE17D832E40043FCF5 /* cl_opt_tests.c */ = {isa = PBXFileReference; fileEncoding = 4; lastKnownFileType = sourcecode.c.c; path = cl_opt_tests.c; sourceTree = "<group>"; };
		BEF390BF17D832E40043FCF5 /* cl_switch_opt_tests.c */ = {isa = PBXFileReference; fileEncoding = 4; lastKnownFileType = sourcecode.c.c; path = cl_switch_opt_tests.c; sourceTree = "<group>"; };
		BEF390C017D832E40043FCF5 /* cl_switch_tok_tests.c */ = {isa = PBXFileReference; fileEncoding = 4; lastKnownFileType = sourcecode.c.c; path = cl_switch_tok_tests.c; sourceTree = "<group>"; };
		BEF390C117D832E40043FCF5 /* cl_tests.c */ = {isa = PBXFileReference; fileEncoding = 4; lastKnownFileType = sourcecode.c.c; path = cl_tests.c; sourceTree = "<group>"; };
		BEF390C217D832E40043FCF5 /* cl_tok_tests.c */ = {isa = PBXFileReference; fileEncoding = 4; lastKnownFileType = sourcecode.c.c; path = cl_tok_tests.c; sourceTree = "<group>"; };
		BEF390C317D832E40043FCF5 /* main.c */ = {isa = PBXFileReference; fileEncoding = 4; lastKnownFileType = sourcecode.c.c; path = main.c; sourceTree = "<group>"; };
		BEF390D317D8362E0043FCF5 /* libcmd_line.dylib */ = {isa = PBXFileReference; lastKnownFileType = "compiled.mach-o.dylib"; name = libcmd_line.dylib; path = ../Build/Products/Debug/libcmd_line.dylib; sourceTree = "<group>"; };
/* End PBXFileReference section */

/* Begin PBXFrameworksBuildPhase section */
		BEF3909417D832C40043FCF5 /* Frameworks */ = {
			isa = PBXFrameworksBuildPhase;
			buildActionMask = 2147483647;
			files = (
				BEF390D417D8362E0043FCF5 /* libcmd_line.dylib in Frameworks */,
			);
			runOnlyForDeploymentPostprocessing = 0;
		};
/* End PBXFrameworksBuildPhase section */

/* Begin PBXGroup section */
		BEF3908E17D832C40043FCF5 = {
			isa = PBXGroup;
			children = (
				BEF390D317D8362E0043FCF5 /* libcmd_line.dylib */,
				BEF390A317D832E40043FCF5 /* include */,
				BEF390B217D832E40043FCF5 /* include_p */,
				BEF390B417D832E40043FCF5 /* source */,
				BEF3909817D832C40043FCF5 /* Products */,
			);
			sourceTree = "<group>";
		};
		BEF3909817D832C40043FCF5 /* Products */ = {
			isa = PBXGroup;
			children = (
				BEF3909717D832C40043FCF5 /* cmd_line.tests */,
			);
			name = Products;
			sourceTree = "<group>";
		};
		BEF390A317D832E40043FCF5 /* include */ = {
			isa = PBXGroup;
			children = (
				BEF390A417D832E40043FCF5 /* cl_arg_opt_tests.h */,
				BEF390A517D832E40043FCF5 /* cl_arg_tok_owner_tests.h */,
				BEF390A617D832E40043FCF5 /* cl_arg_tok_tests.h */,
				BEF390A717D832E40043FCF5 /* cl_cmd_line_app_tests.h */,
				BEF390A817D832E40043FCF5 /* cl_cmd_line_opt_tests.h */,
				BEF390A917D832E40043FCF5 /* cl_cmd_line_tests.h */,
				BEF390AA17D832E40043FCF5 /* cl_cmd_parser_tests.h */,
				BEF390AB17D832E40043FCF5 /* cl_cmd_tok_tests.h */,
				BEF390AC17D832E40043FCF5 /* cl_common_tests.h */,
				BEF390AD17D832E40043FCF5 /* cl_opt_tests.h */,
				BEF390AE17D832E40043FCF5 /* cl_switch_opt_tests.h */,
				BEF390AF17D832E40043FCF5 /* cl_switch_tok_tests.h */,
				BEF390B017D832E40043FCF5 /* cl_tests.h */,
				BEF390B117D832E40043FCF5 /* cl_tok_tests.h */,
			);
			name = include;
			path = ../../../cmd_line.tests/include;
			sourceTree = "<group>";
		};
		BEF390B217D832E40043FCF5 /* include_p */ = {
			isa = PBXGroup;
			children = (
				BEF390B317D832E40043FCF5 /* cl_tests_p.h */,
			);
			name = include_p;
			path = ../../../cmd_line.tests/include_p;
			sourceTree = "<group>";
		};
		BEF390B417D832E40043FCF5 /* source */ = {
			isa = PBXGroup;
			children = (
				BEF390B517D832E40043FCF5 /* cl_arg_opt_tests.c */,
				BEF390B617D832E40043FCF5 /* cl_arg_tok_owner_tests.c */,
				BEF390B717D832E40043FCF5 /* cl_arg_tok_tests.c */,
				BEF390B817D832E40043FCF5 /* cl_cmd_line_app_tests.c */,
				BEF390B917D832E40043FCF5 /* cl_cmd_line_opt_tests.c */,
				BEF390BA17D832E40043FCF5 /* cl_cmd_line_tests.c */,
				BEF390BB17D832E40043FCF5 /* cl_cmd_parser_tests.c */,
				BEF390BC17D832E40043FCF5 /* cl_cmd_tok_tests.c */,
				BEF390BD17D832E40043FCF5 /* cl_common_tests.c */,
				BEF390BE17D832E40043FCF5 /* cl_opt_tests.c */,
				BEF390BF17D832E40043FCF5 /* cl_switch_opt_tests.c */,
				BEF390C017D832E40043FCF5 /* cl_switch_tok_tests.c */,
				BEF390C117D832E40043FCF5 /* cl_tests.c */,
				BEF390C217D832E40043FCF5 /* cl_tok_tests.c */,
				BEF390C317D832E40043FCF5 /* main.c */,
			);
			name = source;
			path = ../../../cmd_line.tests/source;
			sourceTree = "<group>";
		};
/* End PBXGroup section */

/* Begin PBXNativeTarget section */
		BEF3909617D832C40043FCF5 /* cmd_line.tests */ = {
			isa = PBXNativeTarget;
			buildConfigurationList = BEF390A017D832C40043FCF5 /* Build configuration list for PBXNativeTarget "cmd_line.tests" */;
			buildPhases = (
				BEF3909317D832C40043FCF5 /* Sources */,
				BEF3909417D832C40043FCF5 /* Frameworks */,
				BEF3909517D832C40043FCF5 /* CopyFiles */,
			);
			buildRules = (
			);
			dependencies = (
			);
			name = cmd_line.tests;
			productName = cmd_line.tests;
			productReference = BEF3909717D832C40043FCF5 /* cmd_line.tests */;
			productType = "com.apple.product-type.tool";
		};
/* End PBXNativeTarget section */

/* Begin PBXProject section */
		BEF3908F17D832C40043FCF5 /* Project object */ = {
			isa = PBXProject;
			attributes = {
				LastUpgradeCheck = 0460;
				ORGANIZATIONNAME = "Ken Yourek";
			};
			buildConfigurationList = BEF3909217D832C40043FCF5 /* Build configuration list for PBXProject "cmd_line.tests" */;
			compatibilityVersion = "Xcode 3.2";
			developmentRegion = English;
			hasScannedForEncodings = 0;
			knownRegions = (
				en,
			);
			mainGroup = BEF3908E17D832C40043FCF5;
			productRefGroup = BEF3909817D832C40043FCF5 /* Products */;
			projectDirPath = "";
			projectRoot = "";
			targets = (
				BEF3909617D832C40043FCF5 /* cmd_line.tests */,
			);
		};
/* End PBXProject section */

/* Begin PBXSourcesBuildPhase section */
		BEF3909317D832C40043FCF5 /* Sources */ = {
			isa = PBXSourcesBuildPhase;
			buildActionMask = 2147483647;
			files = (
				BEF390C417D832E40043FCF5 /* cl_arg_opt_tests.c in Sources */,
				BEF390C517D832E40043FCF5 /* cl_arg_tok_owner_tests.c in Sources */,
				BEF390C617D832E40043FCF5 /* cl_arg_tok_tests.c in Sources */,
				BEF390C717D832E40043FCF5 /* cl_cmd_line_app_tests.c in Sources */,
				BEF390C817D832E40043FCF5 /* cl_cmd_line_opt_tests.c in Sources */,
				BEF390C917D832E40043FCF5 /* cl_cmd_line_tests.c in Sources */,
				BEF390CA17D832E40043FCF5 /* cl_cmd_parser_tests.c in Sources */,
				BEF390CB17D832E40043FCF5 /* cl_cmd_tok_tests.c in Sources */,
				BEF390CC17D832E40043FCF5 /* cl_common_tests.c in Sources */,
				BEF390CD17D832E40043FCF5 /* cl_opt_tests.c in Sources */,
				BEF390CE17D832E40043FCF5 /* cl_switch_opt_tests.c in Sources */,
				BEF390CF17D832E40043FCF5 /* cl_switch_tok_tests.c in Sources */,
				BEF390D017D832E40043FCF5 /* cl_tests.c in Sources */,
				BEF390D117D832E40043FCF5 /* cl_tok_tests.c in Sources */,
				BEF390D217D832E40043FCF5 /* main.c in Sources */,
			);
			runOnlyForDeploymentPostprocessing = 0;
		};
/* End PBXSourcesBuildPhase section */

/* Begin XCBuildConfiguration section */
		BEF3909E17D832C40043FCF5 /* Debug */ = {
			isa = XCBuildConfiguration;
			buildSettings = {
				ALWAYS_SEARCH_USER_PATHS = NO;
				ARCHS = "$(ARCHS_STANDARD_64_BIT)";
				CLANG_CXX_LANGUAGE_STANDARD = "gnu++0x";
				CLANG_CXX_LIBRARY = "libc++";
				CLANG_WARN_CONSTANT_CONVERSION = YES;
				CLANG_WARN_EMPTY_BODY = YES;
				CLANG_WARN_ENUM_CONVERSION = YES;
				CLANG_WARN_INT_CONVERSION = YES;
				CLANG_WARN__DUPLICATE_METHOD_MATCH = YES;
				COPY_PHASE_STRIP = NO;
				GCC_C_LANGUAGE_STANDARD = c89;
				GCC_DYNAMIC_NO_PIC = NO;
				GCC_ENABLE_CPP_EXCEPTIONS = NO;
				GCC_ENABLE_CPP_RTTI = NO;
				GCC_ENABLE_OBJC_EXCEPTIONS = NO;
				GCC_INPUT_FILETYPE = sourcecode.c.c;
				GCC_OPTIMIZATION_LEVEL = 0;
				GCC_PREPROCESSOR_DEFINITIONS = (
					CL_TESTS_PRINT_PRINTF,
					CL_TESTS_EXIT_GETCHAR,
				);
				GCC_SYMBOLS_PRIVATE_EXTERN = NO;
				GCC_WARN_64_TO_32_BIT_CONVERSION = YES;
				GCC_WARN_ABOUT_RETURN_TYPE = YES;
				GCC_WARN_UNINITIALIZED_AUTOS = YES;
				GCC_WARN_UNUSED_VARIABLE = YES;
				HEADER_SEARCH_PATHS = (
					../../../cmd_line/include,
					../../../cmd_line/include_p,
				);
				MACOSX_DEPLOYMENT_TARGET = 10.8;
				ONLY_ACTIVE_ARCH = YES;
				SDKROOT = macosx;
			};
			name = Debug;
		};
		BEF3909F17D832C40043FCF5 /* Release */ = {
			isa = XCBuildConfiguration;
			buildSettings = {
				ALWAYS_SEARCH_USER_PATHS = NO;
				ARCHS = "$(ARCHS_STANDARD_64_BIT)";
				CLANG_CXX_LANGUAGE_STANDARD = "gnu++0x";
				CLANG_CXX_LIBRARY = "libc++";
				CLANG_WARN_CONSTANT_CONVERSION = YES;
				CLANG_WARN_EMPTY_BODY = YES;
				CLANG_WARN_ENUM_CONVERSION = YES;
				CLANG_WARN_INT_CONVERSION = YES;
				CLANG_WARN__DUPLICATE_METHOD_MATCH = YES;
				COPY_PHASE_STRIP = YES;
				DEBUG_INFORMATION_FORMAT = "dwarf-with-dsym";
				GCC_C_LANGUAGE_STANDARD = c89;
				GCC_ENABLE_CPP_EXCEPTIONS = NO;
				GCC_ENABLE_CPP_RTTI = NO;
				GCC_ENABLE_OBJC_EXCEPTIONS = NO;
				GCC_INPUT_FILETYPE = sourcecode.c.c;
				GCC_PREPROCESSOR_DEFINITIONS = (
					CL_TESTS_PRINT_PRINTF,
					CL_TESTS_EXIT_GETCHAR,
				);
				GCC_WARN_64_TO_32_BIT_CONVERSION = YES;
				GCC_WARN_ABOUT_RETURN_TYPE = YES;
				GCC_WARN_UNINITIALIZED_AUTOS = YES;
				GCC_WARN_UNUSED_VARIABLE = YES;
				HEADER_SEARCH_PATHS = (
					../../../cmd_line/include,
					../../../cmd_line/include_p,
				);
				MACOSX_DEPLOYMENT_TARGET = 10.8;
				SDKROOT = macosx;
			};
			name = Release;
		};
		BEF390A117D832C40043FCF5 /* Debug */ = {
			isa = XCBuildConfiguration;
			buildSettings = {
				LIBRARY_SEARCH_PATHS = (
					"$(inherited)",
					"\"$(SRCROOT)/../Build/Products/Debug\"",
				);
				PRODUCT_NAME = "$(TARGET_NAME)";
			};
			name = Debug;
		};
		BEF390A217D832C40043FCF5 /* Release */ = {
			isa = XCBuildConfiguration;
			buildSettings = {
				LIBRARY_SEARCH_PATHS = (
					"$(inherited)",
					"\"$(SRCROOT)/../Build/Products/Debug\"",
				);
				PRODUCT_NAME = "$(TARGET_NAME)";
			};
			name = Release;
		};
/* End XCBuildConfiguration section */

/* Begin XCConfigurationList section */
		BEF3909217D832C40043FCF5 /* Build configuration list for PBXProject "cmd_line.tests" */ = {
			isa = XCConfigurationList;
			buildConfigurations = (
				BEF3909E17D832C40043FCF5 /* Debug */,
				BEF3909F17D832C40043FCF5 /* Release */,
			);
			defaultConfigurationIsVisible = 0;
			defaultConfigurationName = Release;
		};
		BEF390A017D832C40043FCF5 /* Build configuration list for PBXNativeTarget "cmd_line.tests" */ = {
			isa = XCConfigurationList;
			buildConfigurations = (
				BEF390A117D832C40043FCF5 /* Debug */,
				BEF390A217D832C40043FCF5 /* Release */,
			);
			defaultConfigurationIsVisible = 0;
		};
/* End XCConfigurationList section */
	};
	rootObject = BEF3908F17D832C40043FCF5 /* Project object */;
}
