<?xml version="1.0" encoding="utf-8"?>
<Project ToolsVersion="4.0" xmlns="http://schemas.microsoft.com/developer/msbuild/2003">
  <ItemGroup>
    <Filter Include="include">
      <UniqueIdentifier>{93995380-89BD-4b04-88EB-625FBE52EBFB}</UniqueIdentifier>
      <Extensions>h;hpp;hxx;hm;inl;inc;xsd</Extensions>
    </Filter>
    <Filter Include="source">
      <UniqueIdentifier>{4FC737F1-C7A5-4376-A066-2A32D752A2FF}</UniqueIdentifier>
      <Extensions>cpp;c;cc;cxx;def;odl;idl;hpj;bat;asm;asmx</Extensions>
    </Filter>
  </ItemGroup>
  <ItemGroup>
    <ClInclude Include="..\..\..\ucmd\ucmd.h">
      <Filter>include</Filter>
    </ClInclude>
    <ClInclude Include="..\..\..\ucmd\ucmd_internal.h">
      <Filter>include</Filter>
    </ClInclude>
  </ItemGroup>
  <ItemGroup>
    <ClCompile Include="..\..\..\ucmd\ucTok.c">
      <Filter>source</Filter>
    </ClCompile>
    <ClCompile Include="..\..\..\ucmd\ucSwitchTok.c">
      <Filter>source</Filter>
    </ClCompile>
    <ClCompile Include="..\..\..\ucmd\ucSwitchOpt.c">
      <Filter>source</Filter>
    </ClCompile>
    <ClCompile Include="..\..\..\ucmd\ucOpt.c">
      <Filter>source</Filter>
    </ClCompile>
    <ClCompile Include="..\..\..\ucmd\ucCmdTok.c">
      <Filter>source</Filter>
    </ClCompile>
    <ClCompile Include="..\..\..\ucmd\ucArgTokOwner.c">
      <Filter>source</Filter>
    </ClCompile>
    <ClCompile Include="..\..\..\ucmd\ucArgTok.c">
      <Filter>source</Filter>
    </ClCompile>
    <ClCompile Include="..\..\..\ucmd\ucArgOptOwner.c">
      <Filter>source</Filter>
    </ClCompile>
    <ClCompile Include="..\..\..\ucmd\ucArgOpt.c">
      <Filter>source</Filter>
    </ClCompile>
    <ClCompile Include="..\..\..\ucmd\ucCmd.c">
      <Filter>source</Filter>
    </ClCompile>
    <ClCompile Include="..\..\..\ucmd\ucCmdOpt.c">
      <Filter>source</Filter>
    </ClCompile>
    <ClCompile Include="..\..\..\ucmd\ucParser.c">
      <Filter>source</Filter>
    </ClCompile>
    <ClCompile Include="..\..\..\ucmd\ucApp.c">
      <Filter>source</Filter>
    </ClCompile>
  </ItemGroup>
</Project>