
Microsoft Visual Studio Solution File, Format Version 11.00
# Visual Studio 2010
Project("{8BC9CEB8-8B4A-11D0-8D11-00A0C91BC942}") = "ucmd", "ucmd\ucmd.vcxproj", "{EDA5AB74-9BFE-4963-B20F-F2776706917F}"
EndProject
Project("{8BC9CEB8-8B4A-11D0-8D11-00A0C91BC942}") = "ucmdtests", "ucmdtests\ucmdtests.vcxproj", "{54A75F65-D04B-4FF1-9A7D-767D19C065B2}"
EndProject
Project("{8BC9CEB8-8B4A-11D0-8D11-00A0C91BC942}") = "ucmdexample", "ucmdexample\ucmdexample.vcxproj", "{EAB08456-DA02-4CF0-BAE4-B3B0720BD07F}"
EndProject
Project("{888888A0-9F3D-457C-B088-3A5042F75D52}") = "scripts", "scripts\scripts.pyproj", "{81D26454-87F4-4FDC-AFC2-2BC48CE703FF}"
EndProject
Global
	GlobalSection(SolutionConfigurationPlatforms) = preSolution
		Debug|Any CPU = Debug|Any CPU
		Debug|Mixed Platforms = Debug|Mixed Platforms
		Debug|Win32 = Debug|Win32
		Release|Any CPU = Release|Any CPU
		Release|Mixed Platforms = Release|Mixed Platforms
		Release|Win32 = Release|Win32
	EndGlobalSection
	GlobalSection(ProjectConfigurationPlatforms) = postSolution
		{EDA5AB74-9BFE-4963-B20F-F2776706917F}.Debug|Any CPU.ActiveCfg = Debug|Win32
		{EDA5AB74-9BFE-4963-B20F-F2776706917F}.Debug|Mixed Platforms.ActiveCfg = Debug|Win32
		{EDA5AB74-9BFE-4963-B20F-F2776706917F}.Debug|Mixed Platforms.Build.0 = Debug|Win32
		{EDA5AB74-9BFE-4963-B20F-F2776706917F}.Debug|Win32.ActiveCfg = Debug|Win32
		{EDA5AB74-9BFE-4963-B20F-F2776706917F}.Debug|Win32.Build.0 = Debug|Win32
		{EDA5AB74-9BFE-4963-B20F-F2776706917F}.Release|Any CPU.ActiveCfg = Release|Win32
		{EDA5AB74-9BFE-4963-B20F-F2776706917F}.Release|Mixed Platforms.ActiveCfg = Release|Win32
		{EDA5AB74-9BFE-4963-B20F-F2776706917F}.Release|Mixed Platforms.Build.0 = Release|Win32
		{EDA5AB74-9BFE-4963-B20F-F2776706917F}.Release|Win32.ActiveCfg = Release|Win32
		{EDA5AB74-9BFE-4963-B20F-F2776706917F}.Release|Win32.Build.0 = Release|Win32
		{54A75F65-D04B-4FF1-9A7D-767D19C065B2}.Debug|Any CPU.ActiveCfg = Debug|Win32
		{54A75F65-D04B-4FF1-9A7D-767D19C065B2}.Debug|Mixed Platforms.ActiveCfg = Debug|Win32
		{54A75F65-D04B-4FF1-9A7D-767D19C065B2}.Debug|Mixed Platforms.Build.0 = Debug|Win32
		{54A75F65-D04B-4FF1-9A7D-767D19C065B2}.Debug|Win32.ActiveCfg = Debug|Win32
		{54A75F65-D04B-4FF1-9A7D-767D19C065B2}.Debug|Win32.Build.0 = Debug|Win32
		{54A75F65-D04B-4FF1-9A7D-767D19C065B2}.Release|Any CPU.ActiveCfg = Release|Win32
		{54A75F65-D04B-4FF1-9A7D-767D19C065B2}.Release|Mixed Platforms.ActiveCfg = Release|Win32
		{54A75F65-D04B-4FF1-9A7D-767D19C065B2}.Release|Mixed Platforms.Build.0 = Release|Win32
		{54A75F65-D04B-4FF1-9A7D-767D19C065B2}.Release|Win32.ActiveCfg = Release|Win32
		{54A75F65-D04B-4FF1-9A7D-767D19C065B2}.Release|Win32.Build.0 = Release|Win32
		{EAB08456-DA02-4CF0-BAE4-B3B0720BD07F}.Debug|Any CPU.ActiveCfg = Debug|Win32
		{EAB08456-DA02-4CF0-BAE4-B3B0720BD07F}.Debug|Mixed Platforms.ActiveCfg = Debug|Win32
		{EAB08456-DA02-4CF0-BAE4-B3B0720BD07F}.Debug|Mixed Platforms.Build.0 = Debug|Win32
		{EAB08456-DA02-4CF0-BAE4-B3B0720BD07F}.Debug|Win32.ActiveCfg = Debug|Win32
		{EAB08456-DA02-4CF0-BAE4-B3B0720BD07F}.Debug|Win32.Build.0 = Debug|Win32
		{EAB08456-DA02-4CF0-BAE4-B3B0720BD07F}.Release|Any CPU.ActiveCfg = Release|Win32
		{EAB08456-DA02-4CF0-BAE4-B3B0720BD07F}.Release|Mixed Platforms.ActiveCfg = Release|Win32
		{EAB08456-DA02-4CF0-BAE4-B3B0720BD07F}.Release|Mixed Platforms.Build.0 = Release|Win32
		{EAB08456-DA02-4CF0-BAE4-B3B0720BD07F}.Release|Win32.ActiveCfg = Release|Win32
		{EAB08456-DA02-4CF0-BAE4-B3B0720BD07F}.Release|Win32.Build.0 = Release|Win32
		{81D26454-87F4-4FDC-AFC2-2BC48CE703FF}.Debug|Any CPU.ActiveCfg = Debug|Any CPU
		{81D26454-87F4-4FDC-AFC2-2BC48CE703FF}.Debug|Any CPU.Build.0 = Debug|Any CPU
		{81D26454-87F4-4FDC-AFC2-2BC48CE703FF}.Debug|Mixed Platforms.ActiveCfg = Debug|Any CPU
		{81D26454-87F4-4FDC-AFC2-2BC48CE703FF}.Debug|Mixed Platforms.Build.0 = Debug|Any CPU
		{81D26454-87F4-4FDC-AFC2-2BC48CE703FF}.Debug|Win32.ActiveCfg = Debug|Any CPU
		{81D26454-87F4-4FDC-AFC2-2BC48CE703FF}.Release|Any CPU.ActiveCfg = Release|Any CPU
		{81D26454-87F4-4FDC-AFC2-2BC48CE703FF}.Release|Any CPU.Build.0 = Release|Any CPU
		{81D26454-87F4-4FDC-AFC2-2BC48CE703FF}.Release|Mixed Platforms.ActiveCfg = Release|Any CPU
		{81D26454-87F4-4FDC-AFC2-2BC48CE703FF}.Release|Mixed Platforms.Build.0 = Release|Any CPU
		{81D26454-87F4-4FDC-AFC2-2BC48CE703FF}.Release|Win32.ActiveCfg = Release|Any CPU
	EndGlobalSection
	GlobalSection(SolutionProperties) = preSolution
		HideSolutionNode = FALSE
	EndGlobalSection
EndGlobal
