<?xml version="1.0" encoding="utf-8"?>
<Project ToolsVersion="4.0" xmlns="http://schemas.microsoft.com/developer/msbuild/2003">
  <ItemGroup>
    <Filter Include="source">
      <UniqueIdentifier>{4FC737F1-C7A5-4376-A066-2A32D752A2FF}</UniqueIdentifier>
      <Extensions>cpp;c;cc;cxx;def;odl;idl;hpj;bat;asm;asmx</Extensions>
    </Filter>
    <Filter Include="include">
      <UniqueIdentifier>{93995380-89BD-4b04-88EB-625FBE52EBFB}</UniqueIdentifier>
      <Extensions>h;hpp;hxx;hm;inl;inc;xsd</Extensions>
    </Filter>
    <Filter Include="include_p">
      <UniqueIdentifier>{b799a6c4-f3d1-439a-8889-202bc6c506d6}</UniqueIdentifier>
    </Filter>
  </ItemGroup>
  <ItemGroup>
    <ClInclude Include="..\..\..\cmd_line.example\include\cl_math_app.h">
      <Filter>include</Filter>
    </ClInclude>
    <ClInclude Include="..\..\..\cmd_line.example\include\cl_app.h">
      <Filter>include</Filter>
    </ClInclude>
    <ClInclude Include="..\..\..\cmd_line.example\include_p\cl_app_p.h">
      <Filter>include_p</Filter>
    </ClInclude>
    <ClInclude Include="..\..\..\cmd_line.example\include\cmd_line_example.h">
      <Filter>include</Filter>
    </ClInclude>
  </ItemGroup>
  <ItemGroup>
    <ClCompile Include="..\..\..\cmd_line.example\source\cl_math_app.c">
      <Filter>source</Filter>
    </ClCompile>
    <ClCompile Include="..\..\..\cmd_line.example\source\main.c">
      <Filter>source</Filter>
    </ClCompile>
    <ClCompile Include="..\..\..\cmd_line.example\source\cl_app.c">
      <Filter>source</Filter>
    </ClCompile>
  </ItemGroup>
</Project>