<?xml version="1.0" encoding="utf-8"?>
<Project ToolsVersion="4.0" xmlns="http://schemas.microsoft.com/developer/msbuild/2003">
  <ItemGroup>
    <Filter Include="include">
      <UniqueIdentifier>{93995380-89BD-4b04-88EB-625FBE52EBFB}</UniqueIdentifier>
      <Extensions>h;hpp;hxx;hm;inl;inc;xsd</Extensions>
    </Filter>
    <Filter Include="source">
      <UniqueIdentifier>{4FC737F1-C7A5-4376-A066-2A32D752A2FF}</UniqueIdentifier>
      <Extensions>cpp;c;cc;cxx;def;odl;idl;hpj;bat;asm;asmx</Extensions>
    </Filter>
    <Filter Include="include_p">
      <UniqueIdentifier>{72b0cb75-5da3-484d-865e-57743d1e36c5}</UniqueIdentifier>
    </Filter>
    <Filter Include="config">
      <UniqueIdentifier>{c3027dbf-543e-4150-b967-0f52dda9eeee}</UniqueIdentifier>
    </Filter>
    <Filter Include="config\console">
      <UniqueIdentifier>{8139dbb7-98e6-4c1b-b16d-adeee923b91b}</UniqueIdentifier>
    </Filter>
    <Filter Include="config\console\windows">
      <UniqueIdentifier>{4db83695-5201-41cd-b4b7-ee26637d357e}</UniqueIdentifier>
    </Filter>
    <Filter Include="config\console\windows\export">
      <UniqueIdentifier>{06a52d11-619c-450a-a0ce-489b100e9dae}</UniqueIdentifier>
    </Filter>
    <Filter Include="config\console\windows\import">
      <UniqueIdentifier>{52c308da-f856-47a6-963a-28d62d454d48}</UniqueIdentifier>
    </Filter>
  </ItemGroup>
  <ItemGroup>
    <ClInclude Include="..\..\..\cmd_line\include\cl_arg_opt.h">
      <Filter>include</Filter>
    </ClInclude>
    <ClInclude Include="..\..\..\cmd_line\include\cl_arg_opt_owner.h">
      <Filter>include</Filter>
    </ClInclude>
    <ClInclude Include="..\..\..\cmd_line\include\cl_arg_tok.h">
      <Filter>include</Filter>
    </ClInclude>
    <ClInclude Include="..\..\..\cmd_line\include\cl_arg_tok_owner.h">
      <Filter>include</Filter>
    </ClInclude>
    <ClInclude Include="..\..\..\cmd_line\include\cl_cmd_line.h">
      <Filter>include</Filter>
    </ClInclude>
    <ClInclude Include="..\..\..\cmd_line\include\cl_cmd_line_app.h">
      <Filter>include</Filter>
    </ClInclude>
    <ClInclude Include="..\..\..\cmd_line\include\cl_cmd_line_opt.h">
      <Filter>include</Filter>
    </ClInclude>
    <ClInclude Include="..\..\..\cmd_line\include\cl_cmd_line_toks.h">
      <Filter>include</Filter>
    </ClInclude>
    <ClInclude Include="..\..\..\cmd_line\include\cl_cmd_parser.h">
      <Filter>include</Filter>
    </ClInclude>
    <ClInclude Include="..\..\..\cmd_line\include\cl_cmd_tok.h">
      <Filter>include</Filter>
    </ClInclude>
    <ClInclude Include="..\..\..\cmd_line\include\cl_opt.h">
      <Filter>include</Filter>
    </ClInclude>
    <ClInclude Include="..\..\..\cmd_line\include\cl_switch_opt.h">
      <Filter>include</Filter>
    </ClInclude>
    <ClInclude Include="..\..\..\cmd_line\include\cl_switch_tok.h">
      <Filter>include</Filter>
    </ClInclude>
    <ClInclude Include="..\..\..\cmd_line\include\cl_tok.h">
      <Filter>include</Filter>
    </ClInclude>
    <ClInclude Include="..\..\..\cmd_line\include_p\cl_arg_opt_owner_p.h">
      <Filter>include_p</Filter>
    </ClInclude>
    <ClInclude Include="..\..\..\cmd_line\include_p\cl_arg_opt_p.h">
      <Filter>include_p</Filter>
    </ClInclude>
    <ClInclude Include="..\..\..\cmd_line\include_p\cl_cmd_line_app_p.h">
      <Filter>include_p</Filter>
    </ClInclude>
    <ClInclude Include="..\..\..\cmd_line\include_p\cl_cmd_line_opt_p.h">
      <Filter>include_p</Filter>
    </ClInclude>
    <ClInclude Include="..\..\..\cmd_line\include_p\cl_cmd_line_p.h">
      <Filter>include_p</Filter>
    </ClInclude>
    <ClInclude Include="..\..\..\cmd_line\include_p\cl_cmd_parser_p.h">
      <Filter>include_p</Filter>
    </ClInclude>
    <ClInclude Include="..\..\..\cmd_line\include_p\cl_memory_manager_p.h">
      <Filter>include_p</Filter>
    </ClInclude>
    <ClInclude Include="..\..\..\cmd_line\include_p\cl_opt_p.h">
      <Filter>include_p</Filter>
    </ClInclude>
    <ClInclude Include="..\..\..\cmd_line\include_p\cl_switch_opt_p.h">
      <Filter>include_p</Filter>
    </ClInclude>
    <ClInclude Include="..\..\..\cmd_line\include_p\cl_tok_p.h">
      <Filter>include_p</Filter>
    </ClInclude>
    <ClInclude Include="..\..\..\cmd_line\include\cmd_line.h">
      <Filter>include</Filter>
    </ClInclude>
    <ClInclude Include="..\..\..\cmd_line\config\cl_common.h">
      <Filter>config</Filter>
    </ClInclude>
    <ClInclude Include="..\..\..\cmd_line\config\console\cl_config.h">
      <Filter>config\console</Filter>
    </ClInclude>
    <ClInclude Include="..\..\..\cmd_line\config\console\windows\cl_console.h">
      <Filter>config\console\windows</Filter>
    </ClInclude>
    <ClInclude Include="..\..\..\cmd_line\config\console\windows\export\cl_export.h">
      <Filter>config\console\windows\export</Filter>
    </ClInclude>
    <ClInclude Include="..\..\..\cmd_line\config\console\windows\import\cl_export.h">
      <Filter>config\console\windows\import</Filter>
    </ClInclude>
    <ClInclude Include="..\..\..\cmd_line\include\cl_bool.h">
      <Filter>include</Filter>
    </ClInclude>
    <ClInclude Include="..\..\..\cmd_line\include\cl_err.h">
      <Filter>include</Filter>
    </ClInclude>
  </ItemGroup>
  <ItemGroup>
    <ClCompile Include="..\..\..\cmd_line\source\cl_arg_opt.c">
      <Filter>source</Filter>
    </ClCompile>
    <ClCompile Include="..\..\..\cmd_line\source\cl_arg_opt_owner.c">
      <Filter>source</Filter>
    </ClCompile>
    <ClCompile Include="..\..\..\cmd_line\source\cl_arg_tok.c">
      <Filter>source</Filter>
    </ClCompile>
    <ClCompile Include="..\..\..\cmd_line\source\cl_arg_tok_owner.c">
      <Filter>source</Filter>
    </ClCompile>
    <ClCompile Include="..\..\..\cmd_line\source\cl_cmd_line.c">
      <Filter>source</Filter>
    </ClCompile>
    <ClCompile Include="..\..\..\cmd_line\source\cl_cmd_line_app.c">
      <Filter>source</Filter>
    </ClCompile>
    <ClCompile Include="..\..\..\cmd_line\source\cl_cmd_line_opt.c">
      <Filter>source</Filter>
    </ClCompile>
    <ClCompile Include="..\..\..\cmd_line\source\cl_cmd_parser.c">
      <Filter>source</Filter>
    </ClCompile>
    <ClCompile Include="..\..\..\cmd_line\source\cl_cmd_tok.c">
      <Filter>source</Filter>
    </ClCompile>
    <ClCompile Include="..\..\..\cmd_line\source\cl_opt.c">
      <Filter>source</Filter>
    </ClCompile>
    <ClCompile Include="..\..\..\cmd_line\source\cl_switch_opt.c">
      <Filter>source</Filter>
    </ClCompile>
    <ClCompile Include="..\..\..\cmd_line\source\cl_switch_tok.c">
      <Filter>source</Filter>
    </ClCompile>
    <ClCompile Include="..\..\..\cmd_line\source\cl_tok.c">
      <Filter>source</Filter>
    </ClCompile>
    <ClCompile Include="..\..\..\cmd_line\source\cl_cmd_line_toks.c">
      <Filter>source</Filter>
    </ClCompile>
  </ItemGroup>
</Project>