<?xml version="1.0" encoding="utf-8"?>
<Project ToolsVersion="4.0" xmlns="http://schemas.microsoft.com/developer/msbuild/2003">
  <ItemGroup>
    <Filter Include="include">
      <UniqueIdentifier>{93995380-89BD-4b04-88EB-625FBE52EBFB}</UniqueIdentifier>
      <Extensions>h;hpp;hxx;hm;inl;inc;xsd</Extensions>
    </Filter>
    <Filter Include="source">
      <UniqueIdentifier>{4FC737F1-C7A5-4376-A066-2A32D752A2FF}</UniqueIdentifier>
      <Extensions>cpp;c;cc;cxx;def;odl;idl;hpj;bat;asm;asmx</Extensions>
    </Filter>
    <Filter Include="include_p">
      <UniqueIdentifier>{c143f4ae-cfde-4c14-84a6-71e9b60653df}</UniqueIdentifier>
    </Filter>
  </ItemGroup>
  <ItemGroup>
    <ClInclude Include="..\..\..\cmd_line.tests\include\cl_arg_opt_tests.h">
      <Filter>include</Filter>
    </ClInclude>
    <ClInclude Include="..\..\..\cmd_line.tests\include\cl_arg_tok_owner_tests.h">
      <Filter>include</Filter>
    </ClInclude>
    <ClInclude Include="..\..\..\cmd_line.tests\include\cl_arg_tok_tests.h">
      <Filter>include</Filter>
    </ClInclude>
    <ClInclude Include="..\..\..\cmd_line.tests\include\cl_cmd_line_app_tests.h">
      <Filter>include</Filter>
    </ClInclude>
    <ClInclude Include="..\..\..\cmd_line.tests\include\cl_cmd_line_opt_tests.h">
      <Filter>include</Filter>
    </ClInclude>
    <ClInclude Include="..\..\..\cmd_line.tests\include\cl_cmd_line_tests.h">
      <Filter>include</Filter>
    </ClInclude>
    <ClInclude Include="..\..\..\cmd_line.tests\include\cl_cmd_parser_tests.h">
      <Filter>include</Filter>
    </ClInclude>
    <ClInclude Include="..\..\..\cmd_line.tests\include\cl_cmd_tok_tests.h">
      <Filter>include</Filter>
    </ClInclude>
    <ClInclude Include="..\..\..\cmd_line.tests\include\cl_common_tests.h">
      <Filter>include</Filter>
    </ClInclude>
    <ClInclude Include="..\..\..\cmd_line.tests\include\cl_opt_tests.h">
      <Filter>include</Filter>
    </ClInclude>
    <ClInclude Include="..\..\..\cmd_line.tests\include\cl_switch_opt_tests.h">
      <Filter>include</Filter>
    </ClInclude>
    <ClInclude Include="..\..\..\cmd_line.tests\include\cl_switch_tok_tests.h">
      <Filter>include</Filter>
    </ClInclude>
    <ClInclude Include="..\..\..\cmd_line.tests\include\cl_tests.h">
      <Filter>include</Filter>
    </ClInclude>
    <ClInclude Include="..\..\..\cmd_line.tests\include\cl_tok_tests.h">
      <Filter>include</Filter>
    </ClInclude>
    <ClInclude Include="..\..\..\cmd_line.tests\include_p\cl_tests_p.h">
      <Filter>include_p</Filter>
    </ClInclude>
    <ClInclude Include="..\..\..\cmd_line.tests\include\cmd_line_tests.h">
      <Filter>include</Filter>
    </ClInclude>
    <ClInclude Include="..\..\..\cmd_line.tests\include\cl_cmd_line_toks_tests.h">
      <Filter>include</Filter>
    </ClInclude>
  </ItemGroup>
  <ItemGroup>
    <ClCompile Include="..\..\..\cmd_line.tests\source\cl_arg_opt_tests.c">
      <Filter>source</Filter>
    </ClCompile>
    <ClCompile Include="..\..\..\cmd_line.tests\source\cl_arg_tok_owner_tests.c">
      <Filter>source</Filter>
    </ClCompile>
    <ClCompile Include="..\..\..\cmd_line.tests\source\cl_arg_tok_tests.c">
      <Filter>source</Filter>
    </ClCompile>
    <ClCompile Include="..\..\..\cmd_line.tests\source\cl_cmd_line_app_tests.c">
      <Filter>source</Filter>
    </ClCompile>
    <ClCompile Include="..\..\..\cmd_line.tests\source\cl_cmd_line_opt_tests.c">
      <Filter>source</Filter>
    </ClCompile>
    <ClCompile Include="..\..\..\cmd_line.tests\source\cl_cmd_line_tests.c">
      <Filter>source</Filter>
    </ClCompile>
    <ClCompile Include="..\..\..\cmd_line.tests\source\cl_cmd_parser_tests.c">
      <Filter>source</Filter>
    </ClCompile>
    <ClCompile Include="..\..\..\cmd_line.tests\source\cl_cmd_tok_tests.c">
      <Filter>source</Filter>
    </ClCompile>
    <ClCompile Include="..\..\..\cmd_line.tests\source\cl_common_tests.c">
      <Filter>source</Filter>
    </ClCompile>
    <ClCompile Include="..\..\..\cmd_line.tests\source\cl_opt_tests.c">
      <Filter>source</Filter>
    </ClCompile>
    <ClCompile Include="..\..\..\cmd_line.tests\source\cl_switch_opt_tests.c">
      <Filter>source</Filter>
    </ClCompile>
    <ClCompile Include="..\..\..\cmd_line.tests\source\cl_switch_tok_tests.c">
      <Filter>source</Filter>
    </ClCompile>
    <ClCompile Include="..\..\..\cmd_line.tests\source\cl_tests.c">
      <Filter>source</Filter>
    </ClCompile>
    <ClCompile Include="..\..\..\cmd_line.tests\source\cl_tok_tests.c">
      <Filter>source</Filter>
    </ClCompile>
    <ClCompile Include="..\..\..\cmd_line.tests\source\main.c">
      <Filter>source</Filter>
    </ClCompile>
    <ClCompile Include="..\..\..\cmd_line.tests\source\cl_cmd_line_toks_tests.c">
      <Filter>source</Filter>
    </ClCompile>
  </ItemGroup>
</Project>