// !$*UTF8*$!
{
	archiveVersion = 1;
	classes = {
	};
	objectVersion = 46;
	objects = {

/* Begin PBXBuildFile section */
		BE27FA8817D8372A00847188 /* cl_math_app.c in Sources */ = {isa = PBXBuildFile; fileRef = BE27FA8617D8372A00847188 /* cl_math_app.c */; };
		BE27FA8917D8372A00847188 /* main.c in Sources */ = {isa = PBXBuildFile; fileRef = BE27FA8717D8372A00847188 /* main.c */; };
		BE27FA8B17D8379D00847188 /* libcmd_line.dylib in Frameworks */ = {isa = PBXBuildFile; fileRef = BE27FA8A17D8379D00847188 /* libcmd_line.dylib */; };
/* End PBXBuildFile section */

/* Begin PBXCopyFilesBuildPhase section */
		BE27FA7517D8370300847188 /* CopyFiles */ = {
			isa = PBXCopyFilesBuildPhase;
			buildActionMask = 2147483647;
			dstPath = /usr/share/man/man1/;
			dstSubfolderSpec = 0;
			files = (
			);
			runOnlyForDeploymentPostprocessing = 1;
		};
/* End PBXCopyFilesBuildPhase section */

/* Begin PBXFileReference section */
		BE27FA7717D8370300847188 /* cmd_line.example */ = {isa = PBXFileReference; explicitFileType = "compiled.mach-o.executable"; includeInIndex = 0; path = cmd_line.example; sourceTree = BUILT_PRODUCTS_DIR; };
		BE27FA8417D8372A00847188 /* cl_math_app.h */ = {isa = PBXFileReference; fileEncoding = 4; lastKnownFileType = sourcecode.c.h; path = cl_math_app.h; sourceTree = "<group>"; };
		BE27FA8617D8372A00847188 /* cl_math_app.c */ = {isa = PBXFileReference; fileEncoding = 4; lastKnownFileType = sourcecode.c.c; path = cl_math_app.c; sourceTree = "<group>"; };
		BE27FA8717D8372A00847188 /* main.c */ = {isa = PBXFileReference; fileEncoding = 4; lastKnownFileType = sourcecode.c.c; path = main.c; sourceTree = "<group>"; };
		BE27FA8A17D8379D00847188 /* libcmd_line.dylib */ = {isa = PBXFileReference; lastKnownFileType = "compiled.mach-o.dylib"; name = libcmd_line.dylib; path = ../Build/Products/Debug/libcmd_line.dylib; sourceTree = "<group>"; };
/* End PBXFileReference section */

/* Begin PBXFrameworksBuildPhase section */
		BE27FA7417D8370300847188 /* Frameworks */ = {
			isa = PBXFrameworksBuildPhase;
			buildActionMask = 2147483647;
			files = (
				BE27FA8B17D8379D00847188 /* libcmd_line.dylib in Frameworks */,
			);
			runOnlyForDeploymentPostprocessing = 0;
		};
/* End PBXFrameworksBuildPhase section */

/* Begin PBXGroup section */
		BE27FA6E17D8370300847188 = {
			isa = PBXGroup;
			children = (
				BE27FA8A17D8379D00847188 /* libcmd_line.dylib */,
				BE27FA8317D8372A00847188 /* include */,
				BE27FA8517D8372A00847188 /* source */,
				BE27FA7817D8370300847188 /* Products */,
			);
			sourceTree = "<group>";
		};
		BE27FA7817D8370300847188 /* Products */ = {
			isa = PBXGroup;
			children = (
				BE27FA7717D8370300847188 /* cmd_line.example */,
			);
			name = Products;
			sourceTree = "<group>";
		};
		BE27FA8317D8372A00847188 /* include */ = {
			isa = PBXGroup;
			children = (
				BE27FA8417D8372A00847188 /* cl_math_app.h */,
			);
			name = include;
			path = ../../../cmd_line.example/include;
			sourceTree = "<group>";
		};
		BE27FA8517D8372A00847188 /* source */ = {
			isa = PBXGroup;
			children = (
				BE27FA8617D8372A00847188 /* cl_math_app.c */,
				BE27FA8717D8372A00847188 /* main.c */,
			);
			name = source;
			path = ../../../cmd_line.example/source;
			sourceTree = "<group>";
		};
/* End PBXGroup section */

/* Begin PBXNativeTarget section */
		BE27FA7617D8370300847188 /* cmd_line.example */ = {
			isa = PBXNativeTarget;
			buildConfigurationList = BE27FA8017D8370300847188 /* Build configuration list for PBXNativeTarget "cmd_line.example" */;
			buildPhases = (
				BE27FA7317D8370300847188 /* Sources */,
				BE27FA7417D8370300847188 /* Frameworks */,
				BE27FA7517D8370300847188 /* CopyFiles */,
			);
			buildRules = (
			);
			dependencies = (
			);
			name = cmd_line.example;
			productName = cmd_line.example;
			productReference = BE27FA7717D8370300847188 /* cmd_line.example */;
			productType = "com.apple.product-type.tool";
		};
/* End PBXNativeTarget section */

/* Begin PBXProject section */
		BE27FA6F17D8370300847188 /* Project object */ = {
			isa = PBXProject;
			attributes = {
				LastUpgradeCheck = 0460;
				ORGANIZATIONNAME = "Ken Yourek";
			};
			buildConfigurationList = BE27FA7217D8370300847188 /* Build configuration list for PBXProject "cmd_line.example" */;
			compatibilityVersion = "Xcode 3.2";
			developmentRegion = English;
			hasScannedForEncodings = 0;
			knownRegions = (
				en,
			);
			mainGroup = BE27FA6E17D8370300847188;
			productRefGroup = BE27FA7817D8370300847188 /* Products */;
			projectDirPath = "";
			projectRoot = "";
			targets = (
				BE27FA7617D8370300847188 /* cmd_line.example */,
			);
		};
/* End PBXProject section */

/* Begin PBXSourcesBuildPhase section */
		BE27FA7317D8370300847188 /* Sources */ = {
			isa = PBXSourcesBuildPhase;
			buildActionMask = 2147483647;
			files = (
				BE27FA8817D8372A00847188 /* cl_math_app.c in Sources */,
				BE27FA8917D8372A00847188 /* main.c in Sources */,
			);
			runOnlyForDeploymentPostprocessing = 0;
		};
/* End PBXSourcesBuildPhase section */

/* Begin XCBuildConfiguration section */
		BE27FA7E17D8370300847188 /* Debug */ = {
			isa = XCBuildConfiguration;
			buildSettings = {
				ALWAYS_SEARCH_USER_PATHS = NO;
				ARCHS = "$(ARCHS_STANDARD_64_BIT)";
				CLANG_CXX_LANGUAGE_STANDARD = "gnu++0x";
				CLANG_CXX_LIBRARY = "libc++";
				CLANG_WARN_CONSTANT_CONVERSION = YES;
				CLANG_WARN_EMPTY_BODY = YES;
				CLANG_WARN_ENUM_CONVERSION = YES;
				CLANG_WARN_INT_CONVERSION = YES;
				CLANG_WARN__DUPLICATE_METHOD_MATCH = YES;
				COPY_PHASE_STRIP = NO;
				GCC_C_LANGUAGE_STANDARD = gnu99;
				GCC_DYNAMIC_NO_PIC = NO;
				GCC_ENABLE_OBJC_EXCEPTIONS = YES;
				GCC_OPTIMIZATION_LEVEL = 0;
				GCC_PREPROCESSOR_DEFINITIONS = (
					"DEBUG=1",
					"$(inherited)",
				);
				GCC_SYMBOLS_PRIVATE_EXTERN = NO;
				GCC_WARN_64_TO_32_BIT_CONVERSION = YES;
				GCC_WARN_ABOUT_RETURN_TYPE = YES;
				GCC_WARN_UNINITIALIZED_AUTOS = YES;
				GCC_WARN_UNUSED_VARIABLE = YES;
				HEADER_SEARCH_PATHS = (
					../../../cmd_line/include,
					../../../cmd_line/include_p,
				);
				MACOSX_DEPLOYMENT_TARGET = 10.8;
				ONLY_ACTIVE_ARCH = YES;
				SDKROOT = macosx;
			};
			name = Debug;
		};
		BE27FA7F17D8370300847188 /* Release */ = {
			isa = XCBuildConfiguration;
			buildSettings = {
				ALWAYS_SEARCH_USER_PATHS = NO;
				ARCHS = "$(ARCHS_STANDARD_64_BIT)";
				CLANG_CXX_LANGUAGE_STANDARD = "gnu++0x";
				CLANG_CXX_LIBRARY = "libc++";
				CLANG_WARN_CONSTANT_CONVERSION = YES;
				CLANG_WARN_EMPTY_BODY = YES;
				CLANG_WARN_ENUM_CONVERSION = YES;
				CLANG_WARN_INT_CONVERSION = YES;
				CLANG_WARN__DUPLICATE_METHOD_MATCH = YES;
				COPY_PHASE_STRIP = YES;
				DEBUG_INFORMATION_FORMAT = "dwarf-with-dsym";
				GCC_C_LANGUAGE_STANDARD = gnu99;
				GCC_ENABLE_OBJC_EXCEPTIONS = YES;
				GCC_WARN_64_TO_32_BIT_CONVERSION = YES;
				GCC_WARN_ABOUT_RETURN_TYPE = YES;
				GCC_WARN_UNINITIALIZED_AUTOS = YES;
				GCC_WARN_UNUSED_VARIABLE = YES;
				HEADER_SEARCH_PATHS = (
					../../../cmd_line/include,
					../../../cmd_line/include_p,
				);
				MACOSX_DEPLOYMENT_TARGET = 10.8;
				SDKROOT = macosx;
			};
			name = Release;
		};
		BE27FA8117D8370300847188 /* Debug */ = {
			isa = XCBuildConfiguration;
			buildSettings = {
				GCC_C_LANGUAGE_STANDARD = c89;
				GCC_ENABLE_CPP_EXCEPTIONS = NO;
				GCC_ENABLE_CPP_RTTI = NO;
				GCC_ENABLE_OBJC_EXCEPTIONS = NO;
				GCC_INPUT_FILETYPE = sourcecode.c.c;
				LIBRARY_SEARCH_PATHS = (
					"$(inherited)",
					"\"$(SRCROOT)/../Build/Products/Debug\"",
				);
				PRODUCT_NAME = "$(TARGET_NAME)";
			};
			name = Debug;
		};
		BE27FA8217D8370300847188 /* Release */ = {
			isa = XCBuildConfiguration;
			buildSettings = {
				GCC_C_LANGUAGE_STANDARD = c89;
				GCC_ENABLE_CPP_EXCEPTIONS = NO;
				GCC_ENABLE_CPP_RTTI = NO;
				GCC_ENABLE_OBJC_EXCEPTIONS = NO;
				GCC_INPUT_FILETYPE = sourcecode.c.c;
				LIBRARY_SEARCH_PATHS = (
					"$(inherited)",
					"\"$(SRCROOT)/../Build/Products/Debug\"",
				);
				PRODUCT_NAME = "$(TARGET_NAME)";
			};
			name = Release;
		};
/* End XCBuildConfiguration section */

/* Begin XCConfigurationList section */
		BE27FA7217D8370300847188 /* Build configuration list for PBXProject "cmd_line.example" */ = {
			isa = XCConfigurationList;
			buildConfigurations = (
				BE27FA7E17D8370300847188 /* Debug */,
				BE27FA7F17D8370300847188 /* Release */,
			);
			defaultConfigurationIsVisible = 0;
			defaultConfigurationName = Release;
		};
		BE27FA8017D8370300847188 /* Build configuration list for PBXNativeTarget "cmd_line.example" */ = {
			isa = XCConfigurationList;
			buildConfigurations = (
				BE27FA8117D8370300847188 /* Debug */,
				BE27FA8217D8370300847188 /* Release */,
			);
			defaultConfigurationIsVisible = 0;
		};
/* End XCConfigurationList section */
	};
	rootObject = BE27FA6F17D8370300847188 /* Project object */;
}
