<?xml version="1.0" encoding="utf-8"?>
<Project ToolsVersion="4.0" xmlns="http://schemas.microsoft.com/developer/msbuild/2003">
  <ItemGroup>
    <Filter Include="include">
      <UniqueIdentifier>{93995380-89BD-4b04-88EB-625FBE52EBFB}</UniqueIdentifier>
      <Extensions>h;hpp;hxx;hm;inl;inc;xsd</Extensions>
    </Filter>
    <Filter Include="source">
      <UniqueIdentifier>{4FC737F1-C7A5-4376-A066-2A32D752A2FF}</UniqueIdentifier>
      <Extensions>cpp;c;cc;cxx;def;odl;idl;hpj;bat;asm;asmx</Extensions>
    </Filter>
  </ItemGroup>
  <ItemGroup>
    <ClInclude Include="..\..\..\ucmdtests\include\uc_arg_opt_tests.h">
      <Filter>include</Filter>
    </ClInclude>
    <ClInclude Include="..\..\..\ucmdtests\include\uc_arg_tok_owner_tests.h">
      <Filter>include</Filter>
    </ClInclude>
    <ClInclude Include="..\..\..\ucmdtests\include\uc_arg_tok_tests.h">
      <Filter>include</Filter>
    </ClInclude>
    <ClInclude Include="..\..\..\ucmdtests\include\uc_cmd_parser_tests.h">
      <Filter>include</Filter>
    </ClInclude>
    <ClInclude Include="..\..\..\ucmdtests\include\uc_cmd_tok_tests.h">
      <Filter>include</Filter>
    </ClInclude>
    <ClInclude Include="..\..\..\ucmdtests\include\uc_opt_tests.h">
      <Filter>include</Filter>
    </ClInclude>
    <ClInclude Include="..\..\..\ucmdtests\include\uc_switch_opt_tests.h">
      <Filter>include</Filter>
    </ClInclude>
    <ClInclude Include="..\..\..\ucmdtests\include\uc_switch_tok_tests.h">
      <Filter>include</Filter>
    </ClInclude>
    <ClInclude Include="..\..\..\ucmdtests\include\uc_tok_tests.h">
      <Filter>include</Filter>
    </ClInclude>
    <ClInclude Include="..\..\..\ucmdtests\include\uc_bool_tests.h">
      <Filter>include</Filter>
    </ClInclude>
    <ClInclude Include="..\..\..\ucmdtests\include\uc_test_group.h">
      <Filter>include</Filter>
    </ClInclude>
    <ClInclude Include="..\..\..\ucmdtests\include\uc_test_state.h">
      <Filter>include</Filter>
    </ClInclude>
    <ClInclude Include="..\..\..\ucmdtests\include\uc_test.h">
      <Filter>include</Filter>
    </ClInclude>
    <ClInclude Include="..\..\..\ucmdtests\include\uc_test_err.h">
      <Filter>include</Filter>
    </ClInclude>
    <ClInclude Include="..\..\..\ucmdtests\include\uc_tests.h">
      <Filter>include</Filter>
    </ClInclude>
    <ClInclude Include="..\..\..\ucmdtests\include\uc_cmd_line_app_tests.h">
      <Filter>include</Filter>
    </ClInclude>
    <ClInclude Include="..\..\..\ucmdtests\include\uc_cmd_line_opt_tests.h">
      <Filter>include</Filter>
    </ClInclude>
    <ClInclude Include="..\..\..\ucmdtests\include\uc_cmd_line_tests.h">
      <Filter>include</Filter>
    </ClInclude>
    <ClInclude Include="..\..\..\ucmdtests\include\uc_cmd_line_toks_tests.h">
      <Filter>include</Filter>
    </ClInclude>
    <ClInclude Include="..\..\..\ucmdtests\include\ucmdtests.h">
      <Filter>include</Filter>
    </ClInclude>
  </ItemGroup>
  <ItemGroup>
    <ClCompile Include="..\..\..\ucmdtests\source\uc_arg_opt_tests.c">
      <Filter>source</Filter>
    </ClCompile>
    <ClCompile Include="..\..\..\ucmdtests\source\uc_arg_tok_owner_tests.c">
      <Filter>source</Filter>
    </ClCompile>
    <ClCompile Include="..\..\..\ucmdtests\source\uc_arg_tok_tests.c">
      <Filter>source</Filter>
    </ClCompile>
    <ClCompile Include="..\..\..\ucmdtests\source\uc_cmd_parser_tests.c">
      <Filter>source</Filter>
    </ClCompile>
    <ClCompile Include="..\..\..\ucmdtests\source\uc_cmd_tok_tests.c">
      <Filter>source</Filter>
    </ClCompile>
    <ClCompile Include="..\..\..\ucmdtests\source\uc_opt_tests.c">
      <Filter>source</Filter>
    </ClCompile>
    <ClCompile Include="..\..\..\ucmdtests\source\uc_switch_opt_tests.c">
      <Filter>source</Filter>
    </ClCompile>
    <ClCompile Include="..\..\..\ucmdtests\source\uc_switch_tok_tests.c">
      <Filter>source</Filter>
    </ClCompile>
    <ClCompile Include="..\..\..\ucmdtests\source\uc_tok_tests.c">
      <Filter>source</Filter>
    </ClCompile>
    <ClCompile Include="..\..\..\ucmdtests\source\main.c">
      <Filter>source</Filter>
    </ClCompile>
    <ClCompile Include="..\..\..\ucmdtests\source\uc_bool_tests.c">
      <Filter>source</Filter>
    </ClCompile>
    <ClCompile Include="..\..\..\ucmdtests\source\uc_test_group.c">
      <Filter>source</Filter>
    </ClCompile>
    <ClCompile Include="..\..\..\ucmdtests\source\uc_test_state.c">
      <Filter>source</Filter>
    </ClCompile>
    <ClCompile Include="..\..\..\ucmdtests\source\uc_test.c">
      <Filter>source</Filter>
    </ClCompile>
    <ClCompile Include="..\..\..\ucmdtests\source\uc_tests.c">
      <Filter>source</Filter>
    </ClCompile>
    <ClCompile Include="..\..\..\ucmdtests\source\uc_cmd_line_app_tests.c">
      <Filter>source</Filter>
    </ClCompile>
    <ClCompile Include="..\..\..\ucmdtests\source\uc_cmd_line_opt_tests.c">
      <Filter>source</Filter>
    </ClCompile>
    <ClCompile Include="..\..\..\ucmdtests\source\uc_cmd_line_tests.c">
      <Filter>source</Filter>
    </ClCompile>
    <ClCompile Include="..\..\..\ucmdtests\source\uc_cmd_line_toks_tests.c">
      <Filter>source</Filter>
    </ClCompile>
  </ItemGroup>
</Project>